
Microsoft Visual Studio Solution File, Format Version 11.00
# Visual Studio 2010
Project("{FAE04EC0-301F-11D3-BF4B-00C04F79EFBC}") = "EmojiCareClone", "Assembly-CSharp-firstpass.csproj", "{B10AC81D-4DA6-4337-80B7-281B5B4034BA}"
EndProject
Project("{FAE04EC0-301F-11D3-BF4B-00C04F79EFBC}") = "EmojiCareClone", "Assembly-CSharp.csproj", "{45DFF689-7792-C2DE-C81B-8C5DC3588326}"
EndProject
Project("{FAE04EC0-301F-11D3-BF4B-00C04F79EFBC}") = "EmojiCareClone", "Assembly-CSharp-Editor-firstpass.csproj", "{4B6AFA08-BD91-1B26-7D9F-1CA1CC686E70}"
EndProject
Global
	GlobalSection(SolutionConfigurationPlatforms) = preSolution
		Debug|Any CPU = Debug|Any CPU
		Release|Any CPU = Release|Any CPU
	EndGlobalSection
	GlobalSection(ProjectConfigurationPlatforms) = postSolution
		{B10AC81D-4DA6-4337-80B7-281B5B4034BA}.Debug|Any CPU.ActiveCfg = Debug|Any CPU
		{B10AC81D-4DA6-4337-80B7-281B5B4034BA}.Debug|Any CPU.Build.0 = Debug|Any CPU
		{B10AC81D-4DA6-4337-80B7-281B5B4034BA}.Release|Any CPU.ActiveCfg = Release|Any CPU
		{B10AC81D-4DA6-4337-80B7-281B5B4034BA}.Release|Any CPU.Build.0 = Release|Any CPU
		{45DFF689-7792-C2DE-C81B-8C5DC3588326}.Debug|Any CPU.ActiveCfg = Debug|Any CPU
		{45DFF689-7792-C2DE-C81B-8C5DC3588326}.Debug|Any CPU.Build.0 = Debug|Any CPU
		{45DFF689-7792-C2DE-C81B-8C5DC3588326}.Release|Any CPU.ActiveCfg = Release|Any CPU
		{45DFF689-7792-C2DE-C81B-8C5DC3588326}.Release|Any CPU.Build.0 = Release|Any CPU
		{4B6AFA08-BD91-1B26-7D9F-1CA1CC686E70}.Debug|Any CPU.ActiveCfg = Debug|Any CPU
		{4B6AFA08-BD91-1B26-7D9F-1CA1CC686E70}.Debug|Any CPU.Build.0 = Debug|Any CPU
		{4B6AFA08-BD91-1B26-7D9F-1CA1CC686E70}.Release|Any CPU.ActiveCfg = Release|Any CPU
		{4B6AFA08-BD91-1B26-7D9F-1CA1CC686E70}.Release|Any CPU.Build.0 = Release|Any CPU
	EndGlobalSection
	GlobalSection(SolutionProperties) = preSolution
		HideSolutionNode = FALSE
	EndGlobalSection
	GlobalSection(MonoDevelopProperties) = preSolution
		StartupItem = Assembly-CSharp.csproj
	EndGlobalSection
EndGlobal
